
Microsoft Visual Studio Solution File, Format Version 12.00
# Visual Studio Version 17
VisualStudioVersion = 17.5.33424.131
MinimumVisualStudioVersion = 10.0.40219.1
Project("{9A19103F-16F7-4668-BE54-9A1E7A4F7556}") = "Chat.MVC", "Chat.MVC\Chat.MVC.csproj", "{8F520C34-4BFB-4604-8281-3EEEF900C837}"
EndProject
Project("{9A19103F-16F7-4668-BE54-9A1E7A4F7556}") = "Chat.Domain", "Chat.Domain\Chat.Domain.csproj", "{D87BCF3C-A1F3-4E12-867D-C593D8FD96B7}"
EndProject
Project("{9A19103F-16F7-4668-BE54-9A1E7A4F7556}") = "Chat.Application", "Chat.Application\Chat.Application.csproj", "{B89EA2CF-8E9A-4B88-949D-7CB40A29D219}"
EndProject
Project("{9A19103F-16F7-4668-BE54-9A1E7A4F7556}") = "Chat.Infrastructure", "Chat.Infrastructure\Chat.Infrastructure.csproj", "{2BFAFE83-35CD-470C-960B-2CBAA0FF40B0}"
EndProject
Project("{2150E333-8FDC-42A3-9474-1A3956D46DE8}") = "Solution Items", "Solution Items", "{21D3B437-418D-4C82-B775-811EA77DA0E6}"
	ProjectSection(SolutionItems) = preProject
		test.md = test.md
	EndProjectSection
EndProject
Global
	GlobalSection(SolutionConfigurationPlatforms) = preSolution
		Debug|Any CPU = Debug|Any CPU
		Release|Any CPU = Release|Any CPU
	EndGlobalSection
	GlobalSection(ProjectConfigurationPlatforms) = postSolution
		{8F520C34-4BFB-4604-8281-3EEEF900C837}.Debug|Any CPU.ActiveCfg = Debug|Any CPU
		{8F520C34-4BFB-4604-8281-3EEEF900C837}.Debug|Any CPU.Build.0 = Debug|Any CPU
		{8F520C34-4BFB-4604-8281-3EEEF900C837}.Release|Any CPU.ActiveCfg = Release|Any CPU
		{8F520C34-4BFB-4604-8281-3EEEF900C837}.Release|Any CPU.Build.0 = Release|Any CPU
		{D87BCF3C-A1F3-4E12-867D-C593D8FD96B7}.Debug|Any CPU.ActiveCfg = Debug|Any CPU
		{D87BCF3C-A1F3-4E12-867D-C593D8FD96B7}.Debug|Any CPU.Build.0 = Debug|Any CPU
		{D87BCF3C-A1F3-4E12-867D-C593D8FD96B7}.Release|Any CPU.ActiveCfg = Release|Any CPU
		{D87BCF3C-A1F3-4E12-867D-C593D8FD96B7}.Release|Any CPU.Build.0 = Release|Any CPU
		{B89EA2CF-8E9A-4B88-949D-7CB40A29D219}.Debug|Any CPU.ActiveCfg = Debug|Any CPU
		{B89EA2CF-8E9A-4B88-949D-7CB40A29D219}.Debug|Any CPU.Build.0 = Debug|Any CPU
		{B89EA2CF-8E9A-4B88-949D-7CB40A29D219}.Release|Any CPU.ActiveCfg = Release|Any CPU
		{B89EA2CF-8E9A-4B88-949D-7CB40A29D219}.Release|Any CPU.Build.0 = Release|Any CPU
		{2BFAFE83-35CD-470C-960B-2CBAA0FF40B0}.Debug|Any CPU.ActiveCfg = Debug|Any CPU
		{2BFAFE83-35CD-470C-960B-2CBAA0FF40B0}.Debug|Any CPU.Build.0 = Debug|Any CPU
		{2BFAFE83-35CD-470C-960B-2CBAA0FF40B0}.Release|Any CPU.ActiveCfg = Release|Any CPU
		{2BFAFE83-35CD-470C-960B-2CBAA0FF40B0}.Release|Any CPU.Build.0 = Release|Any CPU
	EndGlobalSection
	GlobalSection(SolutionProperties) = preSolution
		HideSolutionNode = FALSE
	EndGlobalSection
	GlobalSection(ExtensibilityGlobals) = postSolution
		SolutionGuid = {4535ABE4-B3A3-4C0C-B72E-BBE8F95CCF18}
	EndGlobalSection
EndGlobal
